{
  "object": {
    "pins": [
      {
        "package": "KSGeometryPackage",
        "repositoryURL": "https://github.com/keith27staines/KSGeometryPackage.git",
        "state": {
          "branch": null,
          "revision": "f3dfd75153cb92ba3f47c18c51f4c46ffe04244a",
          "version": "1.1.0"
        }
      },
      {
        "package": "KSQuadTreePackage",
        "repositoryURL": "https://github.com/keith27staines/KSQuadTreePackage.git",
        "state": {
          "branch": null,
          "revision": "adef7041ed153ebade8a3f30ac7951bd17afd620",
          "version": "1.0.1"
        }
      }
    ]
  },
  "version": 1
}
